
Microsoft Visual Studio Solution File, Format Version 12.00
# Visual Studio Version 16
VisualStudioVersion = 16.0.30114.105
MinimumVisualStudioVersion = 10.0.40219.1
Project("{FAE04EC0-301F-11D3-BF4B-00C04F79EFBC}") = "WebApp", "WebApp.csproj", "{592D70C3-AA89-49F1-9BA5-61B1A4CADA09}"
EndProject
Global
	GlobalSection(SolutionConfigurationPlatforms) = preSolution
		Debug|Any CPU = Debug|Any CPU
		Release|Any CPU = Release|Any CPU
	EndGlobalSection
	GlobalSection(ProjectConfigurationPlatforms) = postSolution
		{592D70C3-AA89-49F1-9BA5-61B1A4CADA09}.Debug|Any CPU.ActiveCfg = Debug|Any CPU
		{592D70C3-AA89-49F1-9BA5-61B1A4CADA09}.Debug|Any CPU.Build.0 = Debug|Any CPU
		{592D70C3-AA89-49F1-9BA5-61B1A4CADA09}.Release|Any CPU.ActiveCfg = Release|Any CPU
		{592D70C3-AA89-49F1-9BA5-61B1A4CADA09}.Release|Any CPU.Build.0 = Release|Any CPU
	EndGlobalSection
	GlobalSection(SolutionProperties) = preSolution
		HideSolutionNode = FALSE
	EndGlobalSection
	GlobalSection(ExtensibilityGlobals) = postSolution
		SolutionGuid = {FBC53B44-3018-4F79-A947-49609D8BB771}
	EndGlobalSection
EndGlobal
