
Microsoft Visual Studio Solution File, Format Version 12.00
# Visual Studio Version 16
VisualStudioVersion = 16.0.30011.22
MinimumVisualStudioVersion = 10.0.40219.1
Project("{9A19103F-16F7-4668-BE54-9A1E7A4F7556}") = "SampleApp", "SampleApp.csproj", "{BB418CA4-D647-4211-A01D-8F0B19FDC4D5}"
EndProject
Global
	GlobalSection(SolutionConfigurationPlatforms) = preSolution
		Debug|Any CPU = Debug|Any CPU
		Release|Any CPU = Release|Any CPU
	EndGlobalSection
	GlobalSection(ProjectConfigurationPlatforms) = postSolution
		{BB418CA4-D647-4211-A01D-8F0B19FDC4D5}.Debug|Any CPU.ActiveCfg = Debug|Any CPU
		{BB418CA4-D647-4211-A01D-8F0B19FDC4D5}.Debug|Any CPU.Build.0 = Debug|Any CPU
		{BB418CA4-D647-4211-A01D-8F0B19FDC4D5}.Release|Any CPU.ActiveCfg = Release|Any CPU
		{BB418CA4-D647-4211-A01D-8F0B19FDC4D5}.Release|Any CPU.Build.0 = Release|Any CPU
	EndGlobalSection
	GlobalSection(SolutionProperties) = preSolution
		HideSolutionNode = FALSE
	EndGlobalSection
	GlobalSection(ExtensibilityGlobals) = postSolution
		SolutionGuid = {52D3FC5F-B28E-467F-A717-FDCED8F6BC14}
	EndGlobalSection
EndGlobal
