
Microsoft Visual Studio Solution File, Format Version 12.00
# Visual Studio Version 16
VisualStudioVersion = 16.0.29911.84
MinimumVisualStudioVersion = 15.0.26124.0
Project("{FAE04EC0-301F-11D3-BF4B-00C04F79EFBC}") = "SimpleApp", "SimpleApp\SimpleApp.csproj", "{6F8209A3-17B3-4440-9C49-64577BCB1055}"
EndProject
Project("{FAE04EC0-301F-11D3-BF4B-00C04F79EFBC}") = "SimpleApp.Tests", "SimpleApp.Tests\SimpleApp.Tests.csproj", "{2C70DA26-4811-4504-AFBF-2B655CD753DD}"
EndProject
Project("{2150E333-8FDC-42A3-9474-1A3956D46DE8}") = "Solution Items", "Solution Items", "{B635648E-D26A-4A39-9CA6-71E1E7F40AA5}"
	ProjectSection(SolutionItems) = preProject
		azure-pipelines-gc.yml = azure-pipelines-gc.yml
		azure-pipelines.yml = azure-pipelines.yml
	EndProjectSection
EndProject
Global
	GlobalSection(SolutionConfigurationPlatforms) = preSolution
		Debug|Any CPU = Debug|Any CPU
		Debug|x64 = Debug|x64
		Debug|x86 = Debug|x86
		Release|Any CPU = Release|Any CPU
		Release|x64 = Release|x64
		Release|x86 = Release|x86
	EndGlobalSection
	GlobalSection(ProjectConfigurationPlatforms) = postSolution
		{6F8209A3-17B3-4440-9C49-64577BCB1055}.Debug|Any CPU.ActiveCfg = Debug|Any CPU
		{6F8209A3-17B3-4440-9C49-64577BCB1055}.Debug|Any CPU.Build.0 = Debug|Any CPU
		{6F8209A3-17B3-4440-9C49-64577BCB1055}.Debug|x64.ActiveCfg = Debug|Any CPU
		{6F8209A3-17B3-4440-9C49-64577BCB1055}.Debug|x64.Build.0 = Debug|Any CPU
		{6F8209A3-17B3-4440-9C49-64577BCB1055}.Debug|x86.ActiveCfg = Debug|Any CPU
		{6F8209A3-17B3-4440-9C49-64577BCB1055}.Debug|x86.Build.0 = Debug|Any CPU
		{6F8209A3-17B3-4440-9C49-64577BCB1055}.Release|Any CPU.ActiveCfg = Release|Any CPU
		{6F8209A3-17B3-4440-9C49-64577BCB1055}.Release|Any CPU.Build.0 = Release|Any CPU
		{6F8209A3-17B3-4440-9C49-64577BCB1055}.Release|x64.ActiveCfg = Release|Any CPU
		{6F8209A3-17B3-4440-9C49-64577BCB1055}.Release|x64.Build.0 = Release|Any CPU
		{6F8209A3-17B3-4440-9C49-64577BCB1055}.Release|x86.ActiveCfg = Release|Any CPU
		{6F8209A3-17B3-4440-9C49-64577BCB1055}.Release|x86.Build.0 = Release|Any CPU
		{2C70DA26-4811-4504-AFBF-2B655CD753DD}.Debug|Any CPU.ActiveCfg = Debug|Any CPU
		{2C70DA26-4811-4504-AFBF-2B655CD753DD}.Debug|Any CPU.Build.0 = Debug|Any CPU
		{2C70DA26-4811-4504-AFBF-2B655CD753DD}.Debug|x64.ActiveCfg = Debug|Any CPU
		{2C70DA26-4811-4504-AFBF-2B655CD753DD}.Debug|x64.Build.0 = Debug|Any CPU
		{2C70DA26-4811-4504-AFBF-2B655CD753DD}.Debug|x86.ActiveCfg = Debug|Any CPU
		{2C70DA26-4811-4504-AFBF-2B655CD753DD}.Debug|x86.Build.0 = Debug|Any CPU
		{2C70DA26-4811-4504-AFBF-2B655CD753DD}.Release|Any CPU.ActiveCfg = Release|Any CPU
		{2C70DA26-4811-4504-AFBF-2B655CD753DD}.Release|Any CPU.Build.0 = Release|Any CPU
		{2C70DA26-4811-4504-AFBF-2B655CD753DD}.Release|x64.ActiveCfg = Release|Any CPU
		{2C70DA26-4811-4504-AFBF-2B655CD753DD}.Release|x64.Build.0 = Release|Any CPU
		{2C70DA26-4811-4504-AFBF-2B655CD753DD}.Release|x86.ActiveCfg = Release|Any CPU
		{2C70DA26-4811-4504-AFBF-2B655CD753DD}.Release|x86.Build.0 = Release|Any CPU
	EndGlobalSection
	GlobalSection(SolutionProperties) = preSolution
		HideSolutionNode = FALSE
	EndGlobalSection
	GlobalSection(ExtensibilityGlobals) = postSolution
		SolutionGuid = {6FFA37B8-F065-4B6B-BD3E-8A01BFC6EB56}
	EndGlobalSection
EndGlobal
