
Microsoft Visual Studio Solution File, Format Version 12.00
# Visual Studio Version 16
VisualStudioVersion = 16.0.30114.105
MinimumVisualStudioVersion = 10.0.40219.1
Project("{9A19103F-16F7-4668-BE54-9A1E7A4F7556}") = "hadar", "hadar\hadar.csproj", "{C438C956-3270-4849-ADAA-A976BA35ECDC}"
EndProject
Global
	GlobalSection(SolutionConfigurationPlatforms) = preSolution
		Debug|Any CPU = Debug|Any CPU
		Release|Any CPU = Release|Any CPU
	EndGlobalSection
	GlobalSection(ProjectConfigurationPlatforms) = postSolution
		{C438C956-3270-4849-ADAA-A976BA35ECDC}.Debug|Any CPU.ActiveCfg = Debug|Any CPU
		{C438C956-3270-4849-ADAA-A976BA35ECDC}.Debug|Any CPU.Build.0 = Debug|Any CPU
		{C438C956-3270-4849-ADAA-A976BA35ECDC}.Release|Any CPU.ActiveCfg = Release|Any CPU
		{C438C956-3270-4849-ADAA-A976BA35ECDC}.Release|Any CPU.Build.0 = Release|Any CPU
	EndGlobalSection
	GlobalSection(SolutionProperties) = preSolution
		HideSolutionNode = FALSE
	EndGlobalSection
	GlobalSection(ExtensibilityGlobals) = postSolution
		SolutionGuid = {6B3381E5-1755-4AAE-B604-DD181CD62A31}
	EndGlobalSection
EndGlobal
