
Microsoft Visual Studio Solution File, Format Version 12.00
# Visual Studio Version 16
VisualStudioVersion = 16.0.29911.84
MinimumVisualStudioVersion = 10.0.40219.1
Project("{9A19103F-16F7-4668-BE54-9A1E7A4F7556}") = "TestApp", "TestApp\TestApp.csproj", "{27D28EF3-92C4-4E82-9AEF-1B13856EA43C}"
EndProject
Project("{2150E333-8FDC-42A3-9474-1A3956D46DE8}") = "Solution Items", "Solution Items", "{2EC2C3FE-7BAE-45FF-BB58-6EA2DE60564F}"
	ProjectSection(SolutionItems) = preProject
		azure-pipelines.yml = azure-pipelines.yml
	EndProjectSection
EndProject
Global
	GlobalSection(SolutionConfigurationPlatforms) = preSolution
		Debug|Any CPU = Debug|Any CPU
		Release|Any CPU = Release|Any CPU
	EndGlobalSection
	GlobalSection(ProjectConfigurationPlatforms) = postSolution
		{27D28EF3-92C4-4E82-9AEF-1B13856EA43C}.Debug|Any CPU.ActiveCfg = Debug|Any CPU
		{27D28EF3-92C4-4E82-9AEF-1B13856EA43C}.Debug|Any CPU.Build.0 = Debug|Any CPU
		{27D28EF3-92C4-4E82-9AEF-1B13856EA43C}.Release|Any CPU.ActiveCfg = Release|Any CPU
		{27D28EF3-92C4-4E82-9AEF-1B13856EA43C}.Release|Any CPU.Build.0 = Release|Any CPU
	EndGlobalSection
	GlobalSection(SolutionProperties) = preSolution
		HideSolutionNode = FALSE
	EndGlobalSection
	GlobalSection(ExtensibilityGlobals) = postSolution
		SolutionGuid = {8FA2BB7E-507E-42A8-8F1E-62F6C49337DB}
	EndGlobalSection
EndGlobal
